// !$*UTF8*$!
{
	archiveVersion = 1;
	classes = {
	};
	objectVersion = 56;
	objects = {

/* Begin PBXBuildFile section */
		4A29AD04266A1AAD00802DE4 /* UserSettings.swift in Sources */ = {isa = PBXBuildFile; fileRef = 4A29AD03266A1AAD00802DE4 /* UserSettings.swift */; };
		4A5EDEE12669708500E3CFB8 /* toggle.swift in Sources */ = {isa = PBXBuildFile; fileRef = 4A5EDEE02669708500E3CFB8 /* toggle.swift */; };
		4ACB40082664C8A000A34D34 /* conjugationApp.swift in Sources */ = {isa = PBXBuildFile; fileRef = 4ACB40072664C8A000A34D34 /* conjugationApp.swift */; };
		4ACB400A2664C8A000A34D34 /* ContentView.swift in Sources */ = {isa = PBXBuildFile; fileRef = 4ACB40092664C8A000A34D34 /* ContentView.swift */; };
		4ACB400C2664C8A100A34D34 /* Assets.xcassets in Resources */ = {isa = PBXBuildFile; fileRef = 4ACB400B2664C8A100A34D34 /* Assets.xcassets */; };
		4ACB400F2664C8A100A34D34 /* Preview Assets.xcassets in Resources */ = {isa = PBXBuildFile; fileRef = 4ACB400E2664C8A100A34D34 /* Preview Assets.xcassets */; };
/* End PBXBuildFile section */

/* Begin PBXFileReference section */
		4A29AD03266A1AAD00802DE4 /* UserSettings.swift */ = {isa = PBXFileReference; lastKnownFileType = sourcecode.swift; path = UserSettings.swift; sourceTree = "<group>"; };
		4A5EDEE02669708500E3CFB8 /* toggle.swift */ = {isa = PBXFileReference; lastKnownFileType = sourcecode.swift; path = toggle.swift; sourceTree = "<group>"; };
		4ACB40042664C8A000A34D34 /* conjugation.app */ = {isa = PBXFileReference; explicitFileType = wrapper.application; includeInIndex = 0; path = conjugation.app; sourceTree = BUILT_PRODUCTS_DIR; };
		4ACB40072664C8A000A34D34 /* conjugationApp.swift */ = {isa = PBXFileReference; lastKnownFileType = sourcecode.swift; path = conjugationApp.swift; sourceTree = "<group>"; };
		4ACB40092664C8A000A34D34 /* ContentView.swift */ = {isa = PBXFileReference; lastKnownFileType = sourcecode.swift; path = ContentView.swift; sourceTree = "<group>"; usesTabs = 0; };
		4ACB400B2664C8A100A34D34 /* Assets.xcassets */ = {isa = PBXFileReference; lastKnownFileType = folder.assetcatalog; path = Assets.xcassets; sourceTree = "<group>"; };
		4ACB400E2664C8A100A34D34 /* Preview Assets.xcassets */ = {isa = PBXFileReference; lastKnownFileType = folder.assetcatalog; path = "Preview Assets.xcassets"; sourceTree = "<group>"; };
		4ACB40102664C8A100A34D34 /* Info.plist */ = {isa = PBXFileReference; lastKnownFileType = text.plist.xml; path = Info.plist; sourceTree = "<group>"; };
/* End PBXFileReference section */

/* Begin PBXFrameworksBuildPhase section */
		4ACB40012664C8A000A34D34 /* Frameworks */ = {
			isa = PBXFrameworksBuildPhase;
			buildActionMask = 2147483647;
			files = (
			);
			runOnlyForDeploymentPostprocessing = 0;
		};
/* End PBXFrameworksBuildPhase section */

/* Begin PBXGroup section */
		4A5EDECF2669130000E3CFB8 /* Multiselection */ = {
			isa = PBXGroup;
			children = (
			);
			path = Multiselection;
			sourceTree = "<group>";
		};
		4A5EDEDD2669271800E3CFB8 /* Modules */ = {
			isa = PBXGroup;
			children = (
			);
			path = Modules;
			sourceTree = "<group>";
		};
		4ACB3FFB2664C8A000A34D34 = {
			isa = PBXGroup;
			children = (
				4ACB40062664C8A000A34D34 /* conjugation */,
				4A5EDECF2669130000E3CFB8 /* Multiselection */,
				4ACB40052664C8A000A34D34 /* Products */,
			);
			sourceTree = "<group>";
		};
		4ACB40052664C8A000A34D34 /* Products */ = {
			isa = PBXGroup;
			children = (
				4ACB40042664C8A000A34D34 /* conjugation.app */,
			);
			name = Products;
			sourceTree = "<group>";
		};
		4ACB40062664C8A000A34D34 /* conjugation */ = {
			isa = PBXGroup;
			children = (
				4A5EDEDD2669271800E3CFB8 /* Modules */,
				4ACB40072664C8A000A34D34 /* conjugationApp.swift */,
				4ACB40092664C8A000A34D34 /* ContentView.swift */,
				4A5EDEE02669708500E3CFB8 /* toggle.swift */,
				4A29AD03266A1AAD00802DE4 /* UserSettings.swift */,
				4ACB400B2664C8A100A34D34 /* Assets.xcassets */,
				4ACB40102664C8A100A34D34 /* Info.plist */,
				4ACB400D2664C8A100A34D34 /* Preview Content */,
			);
			path = conjugation;
			sourceTree = "<group>";
		};
		4ACB400D2664C8A100A34D34 /* Preview Content */ = {
			isa = PBXGroup;
			children = (
				4ACB400E2664C8A100A34D34 /* Preview Assets.xcassets */,
			);
			path = "Preview Content";
			sourceTree = "<group>";
		};
/* End PBXGroup section */

/* Begin PBXNativeTarget section */
		4ACB40032664C8A000A34D34 /* conjugation */ = {
			isa = PBXNativeTarget;
			buildConfigurationList = 4ACB40132664C8A100A34D34 /* Build configuration list for PBXNativeTarget "conjugation" */;
			buildPhases = (
				4ACB40002664C8A000A34D34 /* Sources */,
				4ACB40012664C8A000A34D34 /* Frameworks */,
				4ACB40022664C8A000A34D34 /* Resources */,
			);
			buildRules = (
			);
			dependencies = (
			);
			name = conjugation;
			productName = conjugation;
			productReference = 4ACB40042664C8A000A34D34 /* conjugation.app */;
			productType = "com.apple.product-type.application";
		};
/* End PBXNativeTarget section */

/* Begin PBXProject section */
		4ACB3FFC2664C8A000A34D34 /* Project object */ = {
			isa = PBXProject;
			attributes = {
				LastSwiftUpdateCheck = 1250;
				LastUpgradeCheck = 1250;
				TargetAttributes = {
					4ACB40032664C8A000A34D34 = {
						CreatedOnToolsVersion = 12.5;
					};
				};
			};
			buildConfigurationList = 4ACB3FFF2664C8A000A34D34 /* Build configuration list for PBXProject "conjugation" */;
			compatibilityVersion = "Xcode 14.0";
			developmentRegion = en;
			hasScannedForEncodings = 0;
			knownRegions = (
				en,
				Base,
			);
			mainGroup = 4ACB3FFB2664C8A000A34D34;
			productRefGroup = 4ACB40052664C8A000A34D34 /* Products */;
			projectDirPath = "";
			projectRoot = "";
			targets = (
				4ACB40032664C8A000A34D34 /* conjugation */,
			);
		};
/* End PBXProject section */

/* Begin PBXResourcesBuildPhase section */
		4ACB40022664C8A000A34D34 /* Resources */ = {
			isa = PBXResourcesBuildPhase;
			buildActionMask = 2147483647;
			files = (
				4ACB400F2664C8A100A34D34 /* Preview Assets.xcassets in Resources */,
				4ACB400C2664C8A100A34D34 /* Assets.xcassets in Resources */,
			);
			runOnlyForDeploymentPostprocessing = 0;
		};
/* End PBXResourcesBuildPhase section */

/* Begin PBXSourcesBuildPhase section */
		4ACB40002664C8A000A34D34 /* Sources */ = {
			isa = PBXSourcesBuildPhase;
			buildActionMask = 2147483647;
			files = (
				4A29AD04266A1AAD00802DE4 /* UserSettings.swift in Sources */,
				4A5EDEE12669708500E3CFB8 /* toggle.swift in Sources */,
				4ACB400A2664C8A000A34D34 /* ContentView.swift in Sources */,
				4ACB40082664C8A000A34D34 /* conjugationApp.swift in Sources */,
			);
			runOnlyForDeploymentPostprocessing = 0;
		};
/* End PBXSourcesBuildPhase section */

/* Begin XCBuildConfiguration section */
		4ACB40112664C8A100A34D34 /* Debug */ = {
			isa = XCBuildConfiguration;
			buildSettings = {
				ALWAYS_SEARCH_USER_PATHS = NO;
				CLANG_ANALYZER_NONNULL = YES;
				CLANG_ANALYZER_NUMBER_OBJECT_CONVERSION = YES_AGGRESSIVE;
				CLANG_CXX_LANGUAGE_STANDARD = "gnu++14";
				CLANG_CXX_LIBRARY = "libc++";
				CLANG_ENABLE_MODULES = YES;
				CLANG_ENABLE_OBJC_ARC = YES;
				CLANG_ENABLE_OBJC_WEAK = YES;
				CLANG_WARN_BLOCK_CAPTURE_AUTORELEASING = YES;
				CLANG_WARN_BOOL_CONVERSION = YES;
				CLANG_WARN_COMMA = YES;
				CLANG_WARN_CONSTANT_CONVERSION = YES;
				CLANG_WARN_DEPRECATED_OBJC_IMPLEMENTATIONS = YES;
				CLANG_WARN_DIRECT_OBJC_ISA_USAGE = YES_ERROR;
				CLANG_WARN_DOCUMENTATION_COMMENTS = YES;
				CLANG_WARN_EMPTY_BODY = YES;
				CLANG_WARN_ENUM_CONVERSION = YES;
				CLANG_WARN_INFINITE_RECURSION = YES;
				CLANG_WARN_INT_CONVERSION = YES;
				CLANG_WARN_NON_LITERAL_NULL_CONVERSION = YES;
				CLANG_WARN_OBJC_IMPLICIT_RETAIN_SELF = YES;
				CLANG_WARN_OBJC_LITERAL_CONVERSION = YES;
				CLANG_WARN_OBJC_ROOT_CLASS = YES_ERROR;
				CLANG_WARN_QUOTED_INCLUDE_IN_FRAMEWORK_HEADER = YES;
				CLANG_WARN_RANGE_LOOP_ANALYSIS = YES;
				CLANG_WARN_STRICT_PROTOTYPES = YES;
				CLANG_WARN_SUSPICIOUS_MOVE = YES;
				CLANG_WARN_UNGUARDED_AVAILABILITY = YES_AGGRESSIVE;
				CLANG_WARN_UNREACHABLE_CODE = YES;
				CLANG_WARN__DUPLICATE_METHOD_MATCH = YES;
				COPY_PHASE_STRIP = NO;
				DEBUG_INFORMATION_FORMAT = dwarf;
				ENABLE_STRICT_OBJC_MSGSEND = YES;
				ENABLE_TESTABILITY = YES;
				GCC_C_LANGUAGE_STANDARD = gnu11;
				GCC_DYNAMIC_NO_PIC = NO;
				GCC_NO_COMMON_BLOCKS = YES;
				GCC_OPTIMIZATION_LEVEL = 0;
				GCC_PREPROCESSOR_DEFINITIONS = (
					"DEBUG=1",
					"$(inherited)",
				);
				GCC_WARN_64_TO_32_BIT_CONVERSION = YES;
				GCC_WARN_ABOUT_RETURN_TYPE = YES_ERROR;
				GCC_WARN_UNDECLARED_SELECTOR = YES;
				GCC_WARN_UNINITIALIZED_AUTOS = YES_AGGRESSIVE;
				GCC_WARN_UNUSED_FUNCTION = YES;
				GCC_WARN_UNUSED_VARIABLE = YES;
				IPHONEOS_DEPLOYMENT_TARGET = 16.0;
				MTL_ENABLE_DEBUG_INFO = INCLUDE_SOURCE;
				MTL_FAST_MATH = YES;
				ONLY_ACTIVE_ARCH = YES;
				SDKROOT = iphoneos;
				SWIFT_ACTIVE_COMPILATION_CONDITIONS = DEBUG;
				SWIFT_OPTIMIZATION_LEVEL = "-Onone";
			};
			name = Debug;
		};
		4ACB40122664C8A100A34D34 /* Release */ = {
			isa = XCBuildConfiguration;
			buildSettings = {
				ALWAYS_SEARCH_USER_PATHS = NO;
				CLANG_ANALYZER_NONNULL = YES;
				CLANG_ANALYZER_NUMBER_OBJECT_CONVERSION = YES_AGGRESSIVE;
				CLANG_CXX_LANGUAGE_STANDARD = "gnu++14";
				CLANG_CXX_LIBRARY = "libc++";
				CLANG_ENABLE_MODULES = YES;
				CLANG_ENABLE_OBJC_ARC = YES;
				CLANG_ENABLE_OBJC_WEAK = YES;
				CLANG_WARN_BLOCK_CAPTURE_AUTORELEASING = YES;
				CLANG_WARN_BOOL_CONVERSION = YES;
				CLANG_WARN_COMMA = YES;
				CLANG_WARN_CONSTANT_CONVERSION = YES;
				CLANG_WARN_DEPRECATED_OBJC_IMPLEMENTATIONS = YES;
				CLANG_WARN_DIRECT_OBJC_ISA_USAGE = YES_ERROR;
				CLANG_WARN_DOCUMENTATION_COMMENTS = YES;
				CLANG_WARN_EMPTY_BODY = YES;
				CLANG_WARN_ENUM_CONVERSION = YES;
				CLANG_WARN_INFINITE_RECURSION = YES;
				CLANG_WARN_INT_CONVERSION = YES;
				CLANG_WARN_NON_LITERAL_NULL_CONVERSION = YES;
				CLANG_WARN_OBJC_IMPLICIT_RETAIN_SELF = YES;
				CLANG_WARN_OBJC_LITERAL_CONVERSION = YES;
				CLANG_WARN_OBJC_ROOT_CLASS = YES_ERROR;
				CLANG_WARN_QUOTED_INCLUDE_IN_FRAMEWORK_HEADER = YES;
				CLANG_WARN_RANGE_LOOP_ANALYSIS = YES;
				CLANG_WARN_STRICT_PROTOTYPES = YES;
				CLANG_WARN_SUSPICIOUS_MOVE = YES;
				CLANG_WARN_UNGUARDED_AVAILABILITY = YES_AGGRESSIVE;
				CLANG_WARN_UNREACHABLE_CODE = YES;
				CLANG_WARN__DUPLICATE_METHOD_MATCH = YES;
				COPY_PHASE_STRIP = NO;
				DEBUG_INFORMATION_FORMAT = "dwarf-with-dsym";
				ENABLE_NS_ASSERTIONS = NO;
				ENABLE_STRICT_OBJC_MSGSEND = YES;
				GCC_C_LANGUAGE_STANDARD = gnu11;
				GCC_NO_COMMON_BLOCKS = YES;
				GCC_WARN_64_TO_32_BIT_CONVERSION = YES;
				GCC_WARN_ABOUT_RETURN_TYPE = YES_ERROR;
				GCC_WARN_UNDECLARED_SELECTOR = YES;
				GCC_WARN_UNINITIALIZED_AUTOS = YES_AGGRESSIVE;
				GCC_WARN_UNUSED_FUNCTION = YES;
				GCC_WARN_UNUSED_VARIABLE = YES;
				IPHONEOS_DEPLOYMENT_TARGET = 16.0;
				MTL_ENABLE_DEBUG_INFO = NO;
				MTL_FAST_MATH = YES;
				SDKROOT = iphoneos;
				SWIFT_COMPILATION_MODE = wholemodule;
				SWIFT_OPTIMIZATION_LEVEL = "-O";
				VALIDATE_PRODUCT = YES;
			};
			name = Release;
		};
		4ACB40142664C8A100A34D34 /* Debug */ = {
			isa = XCBuildConfiguration;
			buildSettings = {
				ASSETCATALOG_COMPILER_APPICON_NAME = AppIcon;
				ASSETCATALOG_COMPILER_GLOBAL_ACCENT_COLOR_NAME = AccentColor;
				CODE_SIGN_STYLE = Automatic;
				DEVELOPMENT_ASSET_PATHS = "\"conjugation/Preview Content\"";
				DEVELOPMENT_TEAM = 76YVJ2LNXM;
				ENABLE_PREVIEWS = YES;
				INFOPLIST_FILE = conjugation/Info.plist;
				IPHONEOS_DEPLOYMENT_TARGET = 15.4;
				LD_RUNPATH_SEARCH_PATHS = (
					"$(inherited)",
					"@executable_path/Frameworks",
				);
				PRODUCT_BUNDLE_IDENTIFIER = com.bpkleer.conjugation;
				PRODUCT_NAME = "$(TARGET_NAME)";
				SWIFT_VERSION = 5.0;
				TARGETED_DEVICE_FAMILY = "1,2";
			};
			name = Debug;
		};
		4ACB40152664C8A100A34D34 /* Release */ = {
			isa = XCBuildConfiguration;
			buildSettings = {
				ASSETCATALOG_COMPILER_APPICON_NAME = AppIcon;
				ASSETCATALOG_COMPILER_GLOBAL_ACCENT_COLOR_NAME = AccentColor;
				CODE_SIGN_STYLE = Automatic;
				DEVELOPMENT_ASSET_PATHS = "\"conjugation/Preview Content\"";
				DEVELOPMENT_TEAM = 76YVJ2LNXM;
				ENABLE_PREVIEWS = YES;
				INFOPLIST_FILE = conjugation/Info.plist;
				IPHONEOS_DEPLOYMENT_TARGET = 15.4;
				LD_RUNPATH_SEARCH_PATHS = (
					"$(inherited)",
					"@executable_path/Frameworks",
				);
				PRODUCT_BUNDLE_IDENTIFIER = com.bpkleer.conjugation;
				PRODUCT_NAME = "$(TARGET_NAME)";
				SWIFT_VERSION = 5.0;
				TARGETED_DEVICE_FAMILY = "1,2";
			};
			name = Release;
		};
/* End XCBuildConfiguration section */

/* Begin XCConfigurationList section */
		4ACB3FFF2664C8A000A34D34 /* Build configuration list for PBXProject "conjugation" */ = {
			isa = XCConfigurationList;
			buildConfigurations = (
				4ACB40112664C8A100A34D34 /* Debug */,
				4ACB40122664C8A100A34D34 /* Release */,
			);
			defaultConfigurationIsVisible = 0;
			defaultConfigurationName = Release;
		};
		4ACB40132664C8A100A34D34 /* Build configuration list for PBXNativeTarget "conjugation" */ = {
			isa = XCConfigurationList;
			buildConfigurations = (
				4ACB40142664C8A100A34D34 /* Debug */,
				4ACB40152664C8A100A34D34 /* Release */,
			);
			defaultConfigurationIsVisible = 0;
			defaultConfigurationName = Release;
		};
/* End XCConfigurationList section */
	};
	rootObject = 4ACB3FFC2664C8A000A34D34 /* Project object */;
}
